
Microsoft Visual Studio Solution File, Format Version 12.00
# Visual Studio Version 17
VisualStudioVersion = 17.1.32407.343
MinimumVisualStudioVersion = 10.0.40219.1
Project("{8BC9CEB8-8B4A-11D0-8D11-00A0C91BC942}") = "GLameBoy", "GLameBoy.vcxproj", "{6C585A67-90BA-428C-8272-69C3AB92D2C4}"
EndProject
Global
	GlobalSection(SolutionConfigurationPlatforms) = preSolution
		Debug|x64 = Debug|x64
		Debug|x86 = Debug|x86
		Release|x64 = Release|x64
		Release|x86 = Release|x86
	EndGlobalSection
	GlobalSection(ProjectConfigurationPlatforms) = postSolution
		{6C585A67-90BA-428C-8272-69C3AB92D2C4}.Debug|x64.ActiveCfg = Debug|x64
		{6C585A67-90BA-428C-8272-69C3AB92D2C4}.Debug|x64.Build.0 = Debug|x64
		{6C585A67-90BA-428C-8272-69C3AB92D2C4}.Debug|x86.ActiveCfg = Debug|Win32
		{6C585A67-90BA-428C-8272-69C3AB92D2C4}.Debug|x86.Build.0 = Debug|Win32
		{6C585A67-90BA-428C-8272-69C3AB92D2C4}.Release|x64.ActiveCfg = Release|x64
		{6C585A67-90BA-428C-8272-69C3AB92D2C4}.Release|x64.Build.0 = Release|x64
		{6C585A67-90BA-428C-8272-69C3AB92D2C4}.Release|x86.ActiveCfg = Release|Win32
		{6C585A67-90BA-428C-8272-69C3AB92D2C4}.Release|x86.Build.0 = Release|Win32
	EndGlobalSection
	GlobalSection(SolutionProperties) = preSolution
		HideSolutionNode = FALSE
	EndGlobalSection
	GlobalSection(ExtensibilityGlobals) = postSolution
		SolutionGuid = {DE25A9A2-5E3A-438A-A14E-54234E8A1E70}
	EndGlobalSection
EndGlobal
